PODS:
  - BFDisplayEvent (1.0.7):
    - CTObjectiveCRuntimeAdditions
  - CTObjectiveCRuntimeAdditions (0.0.1)

DEPENDENCIES:
  - BFDisplayEvent (from `../`)

SPEC REPOS:
  https://github.com/cocoapods/specs.git:
    - CTObjectiveCRuntimeAdditions

EXTERNAL SOURCES:
  BFDisplayEvent:
    :path: "../"

SPEC CHECKSUMS:
  BFDisplayEvent: 74eca8c163cfb0aec572360182c30959b01a9e43
  CTObjectiveCRuntimeAdditions: e4164f82d489d542447a1ae35b27965b356c4738

PODFILE CHECKSUM: ab34ea20373d156ceec3e5cb1a8e9d21c970abb4

COCOAPODS: 1.5.3
